
Microsoft Visual Studio Solution File, Format Version 12.00
# Visual Studio Version 17
VisualStudioVersion = 17.13.35818.85 d17.13
MinimumVisualStudioVersion = 10.0.40219.1
Project("{FAE04EC0-301F-11D3-BF4B-00C04F79EFBC}") = "PracticeMiddleware", "PracticeMiddleware.csproj", "{83C1594D-2659-43F5-9EC4-41F5900A5AB0}"
EndProject
Global
	GlobalSection(SolutionConfigurationPlatforms) = preSolution
		Debug|Any CPU = Debug|Any CPU
		Release|Any CPU = Release|Any CPU
	EndGlobalSection
	GlobalSection(ProjectConfigurationPlatforms) = postSolution
		{83C1594D-2659-43F5-9EC4-41F5900A5AB0}.Debug|Any CPU.ActiveCfg = Debug|Any CPU
		{83C1594D-2659-43F5-9EC4-41F5900A5AB0}.Debug|Any CPU.Build.0 = Debug|Any CPU
		{83C1594D-2659-43F5-9EC4-41F5900A5AB0}.Release|Any CPU.ActiveCfg = Release|Any CPU
		{83C1594D-2659-43F5-9EC4-41F5900A5AB0}.Release|Any CPU.Build.0 = Release|Any CPU
	EndGlobalSection
	GlobalSection(SolutionProperties) = preSolution
		HideSolutionNode = FALSE
	EndGlobalSection
	GlobalSection(ExtensibilityGlobals) = postSolution
		SolutionGuid = {57A7E803-33B7-4C6E-9C5A-184F8F03CCF1}
	EndGlobalSection
EndGlobal
